PODS:
  - Kingfisher (5.1.0)
  - MarkdownView (1.5.0)
  - RIBs (0.9.2):
    - RxSwift (~> 4.0)
  - RxAtomic (4.4.0)
  - RxCocoa (4.4.0):
    - RxSwift (~> 4.0)
  - RxSwift (4.4.0):
    - RxAtomic (~> 4.4)
  - SwiftGen (6.1.0)

DEPENDENCIES:
  - Kingfisher
  - MarkdownView
  - RIBs (from `https://github.com/uber/RIBs.git`, tag `v0.9.2`)
  - RxCocoa
  - SwiftGen

SPEC REPOS:
  https://github.com/cocoapods/specs.git:
    - Kingfisher
    - MarkdownView
    - RxAtomic
    - RxCocoa
    - RxSwift
    - SwiftGen

EXTERNAL SOURCES:
  RIBs:
    :git: https://github.com/uber/RIBs.git
    :tag: v0.9.2

CHECKOUT OPTIONS:
  RIBs:
    :git: https://github.com/uber/RIBs.git
    :tag: v0.9.2

SPEC CHECKSUMS:
  Kingfisher: fcec238063d17404fca89bf0a850583211c4cbf6
  MarkdownView: 5bbee438c823db1cd189002d44c84fa909b3a896
  RIBs: 1655ecfd899b16e991592b42e25254225729a885
  RxAtomic: eacf60db868c96bfd63320e28619fe29c179656f
  RxCocoa: df63ebf7b9a70d6b4eeea407ed5dd4efc8979749
  RxSwift: 5976ecd04fc2fefd648827c23de5e11157faa973
  SwiftGen: f872ca75cbd17bf7103c17f13dcfa0d9a15667b0

PODFILE CHECKSUM: 41e0b00a7125c011f634c283c693fa4cbbd5f1ee

COCOAPODS: 1.5.3
